
Microsoft Visual Studio Solution File, Format Version 12.00
# Visual Studio 2012
Project("{FAE04EC0-301F-11D3-BF4B-00C04F79EFBC}") = "Pitchfork.QRGenerator", "Pitchfork.QRGenerator\Pitchfork.QRGenerator.csproj", "{2832E8D1-F89B-4F95-A327-746691E3BE67}"
EndProject
Global
	GlobalSection(SolutionConfigurationPlatforms) = preSolution
		Debug|Any CPU = Debug|Any CPU
		Release|Any CPU = Release|Any CPU
	EndGlobalSection
	GlobalSection(ProjectConfigurationPlatforms) = postSolution
		{2832E8D1-F89B-4F95-A327-746691E3BE67}.Debug|Any CPU.ActiveCfg = Debug|Any CPU
		{2832E8D1-F89B-4F95-A327-746691E3BE67}.Debug|Any CPU.Build.0 = Debug|Any CPU
		{2832E8D1-F89B-4F95-A327-746691E3BE67}.Release|Any CPU.ActiveCfg = Release|Any CPU
		{2832E8D1-F89B-4F95-A327-746691E3BE67}.Release|Any CPU.Build.0 = Release|Any CPU
	EndGlobalSection
	GlobalSection(SolutionProperties) = preSolution
		HideSolutionNode = FALSE
	EndGlobalSection
EndGlobal
